
Microsoft Visual Studio Solution File, Format Version 12.00
# Visual Studio Version 17
VisualStudioVersion = 17.7.34031.279
MinimumVisualStudioVersion = 10.0.40219.1
Project("{8BC9CEB8-8B4A-11D0-8D11-00A0C91BC942}") = "p31 count letters match case", "p31 count letters match case\p31 count letters match case.vcxproj", "{EECAD9F8-6B0D-4BDF-BF41-8570A5D63031}"
EndProject
Global
	GlobalSection(SolutionConfigurationPlatforms) = preSolution
		Debug|x64 = Debug|x64
		Debug|x86 = Debug|x86
		Release|x64 = Release|x64
		Release|x86 = Release|x86
	EndGlobalSection
	GlobalSection(ProjectConfigurationPlatforms) = postSolution
		{EECAD9F8-6B0D-4BDF-BF41-8570A5D63031}.Debug|x64.ActiveCfg = Debug|x64
		{EECAD9F8-6B0D-4BDF-BF41-8570A5D63031}.Debug|x64.Build.0 = Debug|x64
		{EECAD9F8-6B0D-4BDF-BF41-8570A5D63031}.Debug|x86.ActiveCfg = Debug|Win32
		{EECAD9F8-6B0D-4BDF-BF41-8570A5D63031}.Debug|x86.Build.0 = Debug|Win32
		{EECAD9F8-6B0D-4BDF-BF41-8570A5D63031}.Release|x64.ActiveCfg = Release|x64
		{EECAD9F8-6B0D-4BDF-BF41-8570A5D63031}.Release|x64.Build.0 = Release|x64
		{EECAD9F8-6B0D-4BDF-BF41-8570A5D63031}.Release|x86.ActiveCfg = Release|Win32
		{EECAD9F8-6B0D-4BDF-BF41-8570A5D63031}.Release|x86.Build.0 = Release|Win32
	EndGlobalSection
	GlobalSection(SolutionProperties) = preSolution
		HideSolutionNode = FALSE
	EndGlobalSection
	GlobalSection(ExtensibilityGlobals) = postSolution
		SolutionGuid = {5A78E552-CB12-4213-BD58-5F414BBA8DBE}
	EndGlobalSection
EndGlobal
